// !$*UTF8*$!
{
	archiveVersion = 1;
	classes = {
	};
	objectVersion = 50;
	objects = {

/* Begin PBXBuildFile section */
		2A74D6C42475376500062429 /* AppDelegate.swift in Sources */ = {isa = PBXBuildFile; fileRef = 2A74D6C32475376500062429 /* AppDelegate.swift */; };
		2A74D6C62475376500062429 /* SceneDelegate.swift in Sources */ = {isa = PBXBuildFile; fileRef = 2A74D6C52475376500062429 /* SceneDelegate.swift */; };
		2A74D6C82475376500062429 /* LoginViewController.swift in Sources */ = {isa = PBXBuildFile; fileRef = 2A74D6C72475376500062429 /* LoginViewController.swift */; };
		2A74D6CB2475376500062429 /* Main.storyboard in Resources */ = {isa = PBXBuildFile; fileRef = 2A74D6C92475376500062429 /* Main.storyboard */; };
		2A74D6CD2475376700062429 /* Assets.xcassets in Resources */ = {isa = PBXBuildFile; fileRef = 2A74D6CC2475376700062429 /* Assets.xcassets */; };
		2A74D6D02475376700062429 /* LaunchScreen.storyboard in Resources */ = {isa = PBXBuildFile; fileRef = 2A74D6CE2475376700062429 /* LaunchScreen.storyboard */; };
		2A74D6E72475394800062429 /* StudentLocation.swift in Sources */ = {isa = PBXBuildFile; fileRef = 2A74D6E62475394700062429 /* StudentLocation.swift */; };
		2A74D6E92475395800062429 /* PostSession.swift in Sources */ = {isa = PBXBuildFile; fileRef = 2A74D6E82475395800062429 /* PostSession.swift */; };
		2A74D6EB2475396500062429 /* OTMNetworkController.swift in Sources */ = {isa = PBXBuildFile; fileRef = 2A74D6EA2475396500062429 /* OTMNetworkController.swift */; };
		2A74D6ED2475397B00062429 /* OTMResponse.swift in Sources */ = {isa = PBXBuildFile; fileRef = 2A74D6EC2475397B00062429 /* OTMResponse.swift */; };
		2A74D6EF24753A4700062429 /* SessionResponse.swift in Sources */ = {isa = PBXBuildFile; fileRef = 2A74D6EE24753A4600062429 /* SessionResponse.swift */; };
/* End PBXBuildFile section */

/* Begin PBXFileReference section */
		2A74D6C02475376500062429 /* OnTheMap.app */ = {isa = PBXFileReference; explicitFileType = wrapper.application; includeInIndex = 0; path = OnTheMap.app; sourceTree = BUILT_PRODUCTS_DIR; };
		2A74D6C32475376500062429 /* AppDelegate.swift */ = {isa = PBXFileReference; lastKnownFileType = sourcecode.swift; path = AppDelegate.swift; sourceTree = "<group>"; };
		2A74D6C52475376500062429 /* SceneDelegate.swift */ = {isa = PBXFileReference; lastKnownFileType = sourcecode.swift; path = SceneDelegate.swift; sourceTree = "<group>"; };
		2A74D6C72475376500062429 /* LoginViewController.swift */ = {isa = PBXFileReference; lastKnownFileType = sourcecode.swift; path = LoginViewController.swift; sourceTree = "<group>"; };
		2A74D6CA2475376500062429 /* Base */ = {isa = PBXFileReference; lastKnownFileType = file.storyboard; name = Base; path = Base.lproj/Main.storyboard; sourceTree = "<group>"; };
		2A74D6CC2475376700062429 /* Assets.xcassets */ = {isa = PBXFileReference; lastKnownFileType = folder.assetcatalog; path = Assets.xcassets; sourceTree = "<group>"; };
		2A74D6CF2475376700062429 /* Base */ = {isa = PBXFileReference; lastKnownFileType = file.storyboard; name = Base; path = Base.lproj/LaunchScreen.storyboard; sourceTree = "<group>"; };
		2A74D6D12475376700062429 /* Info.plist */ = {isa = PBXFileReference; lastKnownFileType = text.plist.xml; path = Info.plist; sourceTree = "<group>"; };
		2A74D6E62475394700062429 /* StudentLocation.swift */ = {isa = PBXFileReference; fileEncoding = 4; lastKnownFileType = sourcecode.swift; path = StudentLocation.swift; sourceTree = "<group>"; };
		2A74D6E82475395800062429 /* PostSession.swift */ = {isa = PBXFileReference; fileEncoding = 4; lastKnownFileType = sourcecode.swift; path = PostSession.swift; sourceTree = "<group>"; };
		2A74D6EA2475396500062429 /* OTMNetworkController.swift */ = {isa = PBXFileReference; fileEncoding = 4; lastKnownFileType = sourcecode.swift; path = OTMNetworkController.swift; sourceTree = "<group>"; };
		2A74D6EC2475397B00062429 /* OTMResponse.swift */ = {isa = PBXFileReference; fileEncoding = 4; lastKnownFileType = sourcecode.swift; path = OTMResponse.swift; sourceTree = "<group>"; };
		2A74D6EE24753A4600062429 /* SessionResponse.swift */ = {isa = PBXFileReference; fileEncoding = 4; lastKnownFileType = sourcecode.swift; path = SessionResponse.swift; sourceTree = "<group>"; };
/* End PBXFileReference section */

/* Begin PBXFrameworksBuildPhase section */
		2A74D6BD2475376500062429 /* Frameworks */ = {
			isa = PBXFrameworksBuildPhase;
			buildActionMask = 2147483647;
			files = (
			);
			runOnlyForDeploymentPostprocessing = 0;
		};
/* End PBXFrameworksBuildPhase section */

/* Begin PBXGroup section */
		2A74D6B72475376500062429 = {
			isa = PBXGroup;
			children = (
				2A74D6C22475376500062429 /* OnTheMap */,
				2A74D6C12475376500062429 /* Products */,
			);
			sourceTree = "<group>";
		};
		2A74D6C12475376500062429 /* Products */ = {
			isa = PBXGroup;
			children = (
				2A74D6C02475376500062429 /* OnTheMap.app */,
			);
			name = Products;
			sourceTree = "<group>";
		};
		2A74D6C22475376500062429 /* OnTheMap */ = {
			isa = PBXGroup;
			children = (
				2A74D6F624753B8700062429 /* Support */,
				2A74D6F024753ABE00062429 /* Model */,
				2A74D6F524753B7200062429 /* View */,
				2A74D6F424753B6400062429 /* Controller */,
				2A74D6CC2475376700062429 /* Assets.xcassets */,
				2A74D6D12475376700062429 /* Info.plist */,
			);
			path = OnTheMap;
			sourceTree = "<group>";
		};
		2A74D6F024753ABE00062429 /* Model */ = {
			isa = PBXGroup;
			children = (
				2A74D6F124753AD200062429 /* Data */,
				2A74D6F724753EE600062429 /* OTMNetworkController */,
				2A74D6F324753B1C00062429 /* OTMRequests */,
				2A74D6F224753AEA00062429 /* OTMResponses */,
			);
			path = Model;
			sourceTree = "<group>";
		};
		2A74D6F124753AD200062429 /* Data */ = {
			isa = PBXGroup;
			children = (
				2A74D6E62475394700062429 /* StudentLocation.swift */,
			);
			path = Data;
			sourceTree = "<group>";
		};
		2A74D6F224753AEA00062429 /* OTMResponses */ = {
			isa = PBXGroup;
			children = (
				2A74D6EE24753A4600062429 /* SessionResponse.swift */,
				2A74D6EC2475397B00062429 /* OTMResponse.swift */,
			);
			path = OTMResponses;
			sourceTree = "<group>";
		};
		2A74D6F324753B1C00062429 /* OTMRequests */ = {
			isa = PBXGroup;
			children = (
				2A74D6E82475395800062429 /* PostSession.swift */,
			);
			path = OTMRequests;
			sourceTree = "<group>";
		};
		2A74D6F424753B6400062429 /* Controller */ = {
			isa = PBXGroup;
			children = (
				2A74D6C72475376500062429 /* LoginViewController.swift */,
			);
			path = Controller;
			sourceTree = "<group>";
		};
		2A74D6F524753B7200062429 /* View */ = {
			isa = PBXGroup;
			children = (
				2A74D6C92475376500062429 /* Main.storyboard */,
				2A74D6CE2475376700062429 /* LaunchScreen.storyboard */,
			);
			path = View;
			sourceTree = "<group>";
		};
		2A74D6F624753B8700062429 /* Support */ = {
			isa = PBXGroup;
			children = (
				2A74D6C32475376500062429 /* AppDelegate.swift */,
				2A74D6C52475376500062429 /* SceneDelegate.swift */,
			);
			path = Support;
			sourceTree = "<group>";
		};
		2A74D6F724753EE600062429 /* OTMNetworkController */ = {
			isa = PBXGroup;
			children = (
				2A74D6EA2475396500062429 /* OTMNetworkController.swift */,
			);
			path = OTMNetworkController;
			sourceTree = "<group>";
		};
/* End PBXGroup section */

/* Begin PBXNativeTarget section */
		2A74D6BF2475376500062429 /* OnTheMap */ = {
			isa = PBXNativeTarget;
			buildConfigurationList = 2A74D6D42475376700062429 /* Build configuration list for PBXNativeTarget "OnTheMap" */;
			buildPhases = (
				2A74D6BC2475376500062429 /* Sources */,
				2A74D6BD2475376500062429 /* Frameworks */,
				2A74D6BE2475376500062429 /* Resources */,
			);
			buildRules = (
			);
			dependencies = (
			);
			name = OnTheMap;
			productName = OnTheMap;
			productReference = 2A74D6C02475376500062429 /* OnTheMap.app */;
			productType = "com.apple.product-type.application";
		};
/* End PBXNativeTarget section */

/* Begin PBXProject section */
		2A74D6B82475376500062429 /* Project object */ = {
			isa = PBXProject;
			attributes = {
				LastSwiftUpdateCheck = 1140;
				LastUpgradeCheck = 1140;
				ORGANIZATIONNAME = "SDI Group Inc.";
				TargetAttributes = {
					2A74D6BF2475376500062429 = {
						CreatedOnToolsVersion = 11.4.1;
					};
				};
			};
			buildConfigurationList = 2A74D6BB2475376500062429 /* Build configuration list for PBXProject "OnTheMap" */;
			compatibilityVersion = "Xcode 9.3";
			developmentRegion = en;
			hasScannedForEncodings = 0;
			knownRegions = (
				en,
				Base,
			);
			mainGroup = 2A74D6B72475376500062429;
			productRefGroup = 2A74D6C12475376500062429 /* Products */;
			projectDirPath = "";
			projectRoot = "";
			targets = (
				2A74D6BF2475376500062429 /* OnTheMap */,
			);
		};
/* End PBXProject section */

/* Begin PBXResourcesBuildPhase section */
		2A74D6BE2475376500062429 /* Resources */ = {
			isa = PBXResourcesBuildPhase;
			buildActionMask = 2147483647;
			files = (
				2A74D6D02475376700062429 /* LaunchScreen.storyboard in Resources */,
				2A74D6CD2475376700062429 /* Assets.xcassets in Resources */,
				2A74D6CB2475376500062429 /* Main.storyboard in Resources */,
			);
			runOnlyForDeploymentPostprocessing = 0;
		};
/* End PBXResourcesBuildPhase section */

/* Begin PBXSourcesBuildPhase section */
		2A74D6BC2475376500062429 /* Sources */ = {
			isa = PBXSourcesBuildPhase;
			buildActionMask = 2147483647;
			files = (
				2A74D6E72475394800062429 /* StudentLocation.swift in Sources */,
				2A74D6E92475395800062429 /* PostSession.swift in Sources */,
				2A74D6C82475376500062429 /* LoginViewController.swift in Sources */,
				2A74D6C42475376500062429 /* AppDelegate.swift in Sources */,
				2A74D6C62475376500062429 /* SceneDelegate.swift in Sources */,
				2A74D6EB2475396500062429 /* OTMNetworkController.swift in Sources */,
				2A74D6ED2475397B00062429 /* OTMResponse.swift in Sources */,
				2A74D6EF24753A4700062429 /* SessionResponse.swift in Sources */,
			);
			runOnlyForDeploymentPostprocessing = 0;
		};
/* End PBXSourcesBuildPhase section */

/* Begin PBXVariantGroup section */
		2A74D6C92475376500062429 /* Main.storyboard */ = {
			isa = PBXVariantGroup;
			children = (
				2A74D6CA2475376500062429 /* Base */,
			);
			name = Main.storyboard;
			sourceTree = "<group>";
		};
		2A74D6CE2475376700062429 /* LaunchScreen.storyboard */ = {
			isa = PBXVariantGroup;
			children = (
				2A74D6CF2475376700062429 /* Base */,
			);
			name = LaunchScreen.storyboard;
			sourceTree = "<group>";
		};
/* End PBXVariantGroup section */

/* Begin XCBuildConfiguration section */
		2A74D6D22475376700062429 /* Debug */ = {
			isa = XCBuildConfiguration;
			buildSettings = {
				ALWAYS_SEARCH_USER_PATHS = NO;
				CLANG_ANALYZER_NONNULL = YES;
				CLANG_ANALYZER_NUMBER_OBJECT_CONVERSION = YES_AGGRESSIVE;
				CLANG_CXX_LANGUAGE_STANDARD = "gnu++14";
				CLANG_CXX_LIBRARY = "libc++";
				CLANG_ENABLE_MODULES = YES;
				CLANG_ENABLE_OBJC_ARC = YES;
				CLANG_ENABLE_OBJC_WEAK = YES;
				CLANG_WARN_BLOCK_CAPTURE_AUTORELEASING = YES;
				CLANG_WARN_BOOL_CONVERSION = YES;
				CLANG_WARN_COMMA = YES;
				CLANG_WARN_CONSTANT_CONVERSION = YES;
				CLANG_WARN_DEPRECATED_OBJC_IMPLEMENTATIONS = YES;
				CLANG_WARN_DIRECT_OBJC_ISA_USAGE = YES_ERROR;
				CLANG_WARN_DOCUMENTATION_COMMENTS = YES;
				CLANG_WARN_EMPTY_BODY = YES;
				CLANG_WARN_ENUM_CONVERSION = YES;
				CLANG_WARN_INFINITE_RECURSION = YES;
				CLANG_WARN_INT_CONVERSION = YES;
				CLANG_WARN_NON_LITERAL_NULL_CONVERSION = YES;
				CLANG_WARN_OBJC_IMPLICIT_RETAIN_SELF = YES;
				CLANG_WARN_OBJC_LITERAL_CONVERSION = YES;
				CLANG_WARN_OBJC_ROOT_CLASS = YES_ERROR;
				CLANG_WARN_RANGE_LOOP_ANALYSIS = YES;
				CLANG_WARN_STRICT_PROTOTYPES = YES;
				CLANG_WARN_SUSPICIOUS_MOVE = YES;
				CLANG_WARN_UNGUARDED_AVAILABILITY = YES_AGGRESSIVE;
				CLANG_WARN_UNREACHABLE_CODE = YES;
				CLANG_WARN__DUPLICATE_METHOD_MATCH = YES;
				COPY_PHASE_STRIP = NO;
				DEBUG_INFORMATION_FORMAT = dwarf;
				ENABLE_STRICT_OBJC_MSGSEND = YES;
				ENABLE_TESTABILITY = YES;
				GCC_C_LANGUAGE_STANDARD = gnu11;
				GCC_DYNAMIC_NO_PIC = NO;
				GCC_NO_COMMON_BLOCKS = YES;
				GCC_OPTIMIZATION_LEVEL = 0;
				GCC_PREPROCESSOR_DEFINITIONS = (
					"DEBUG=1",
					"$(inherited)",
				);
				GCC_WARN_64_TO_32_BIT_CONVERSION = YES;
				GCC_WARN_ABOUT_RETURN_TYPE = YES_ERROR;
				GCC_WARN_UNDECLARED_SELECTOR = YES;
				GCC_WARN_UNINITIALIZED_AUTOS = YES_AGGRESSIVE;
				GCC_WARN_UNUSED_FUNCTION = YES;
				GCC_WARN_UNUSED_VARIABLE = YES;
				IPHONEOS_DEPLOYMENT_TARGET = 13.4;
				MTL_ENABLE_DEBUG_INFO = INCLUDE_SOURCE;
				MTL_FAST_MATH = YES;
				ONLY_ACTIVE_ARCH = YES;
				SDKROOT = iphoneos;
				SWIFT_ACTIVE_COMPILATION_CONDITIONS = DEBUG;
				SWIFT_OPTIMIZATION_LEVEL = "-Onone";
			};
			name = Debug;
		};
		2A74D6D32475376700062429 /* Release */ = {
			isa = XCBuildConfiguration;
			buildSettings = {
				ALWAYS_SEARCH_USER_PATHS = NO;
				CLANG_ANALYZER_NONNULL = YES;
				CLANG_ANALYZER_NUMBER_OBJECT_CONVERSION = YES_AGGRESSIVE;
				CLANG_CXX_LANGUAGE_STANDARD = "gnu++14";
				CLANG_CXX_LIBRARY = "libc++";
				CLANG_ENABLE_MODULES = YES;
				CLANG_ENABLE_OBJC_ARC = YES;
				CLANG_ENABLE_OBJC_WEAK = YES;
				CLANG_WARN_BLOCK_CAPTURE_AUTORELEASING = YES;
				CLANG_WARN_BOOL_CONVERSION = YES;
				CLANG_WARN_COMMA = YES;
				CLANG_WARN_CONSTANT_CONVERSION = YES;
				CLANG_WARN_DEPRECATED_OBJC_IMPLEMENTATIONS = YES;
				CLANG_WARN_DIRECT_OBJC_ISA_USAGE = YES_ERROR;
				CLANG_WARN_DOCUMENTATION_COMMENTS = YES;
				CLANG_WARN_EMPTY_BODY = YES;
				CLANG_WARN_ENUM_CONVERSION = YES;
				CLANG_WARN_INFINITE_RECURSION = YES;
				CLANG_WARN_INT_CONVERSION = YES;
				CLANG_WARN_NON_LITERAL_NULL_CONVERSION = YES;
				CLANG_WARN_OBJC_IMPLICIT_RETAIN_SELF = YES;
				CLANG_WARN_OBJC_LITERAL_CONVERSION = YES;
				CLANG_WARN_OBJC_ROOT_CLASS = YES_ERROR;
				CLANG_WARN_RANGE_LOOP_ANALYSIS = YES;
				CLANG_WARN_STRICT_PROTOTYPES = YES;
				CLANG_WARN_SUSPICIOUS_MOVE = YES;
				CLANG_WARN_UNGUARDED_AVAILABILITY = YES_AGGRESSIVE;
				CLANG_WARN_UNREACHABLE_CODE = YES;
				CLANG_WARN__DUPLICATE_METHOD_MATCH = YES;
				COPY_PHASE_STRIP = NO;
				DEBUG_INFORMATION_FORMAT = "dwarf-with-dsym";
				ENABLE_NS_ASSERTIONS = NO;
				ENABLE_STRICT_OBJC_MSGSEND = YES;
				GCC_C_LANGUAGE_STANDARD = gnu11;
				GCC_NO_COMMON_BLOCKS = YES;
				GCC_WARN_64_TO_32_BIT_CONVERSION = YES;
				GCC_WARN_ABOUT_RETURN_TYPE = YES_ERROR;
				GCC_WARN_UNDECLARED_SELECTOR = YES;
				GCC_WARN_UNINITIALIZED_AUTOS = YES_AGGRESSIVE;
				GCC_WARN_UNUSED_FUNCTION = YES;
				GCC_WARN_UNUSED_VARIABLE = YES;
				IPHONEOS_DEPLOYMENT_TARGET = 13.4;
				MTL_ENABLE_DEBUG_INFO = NO;
				MTL_FAST_MATH = YES;
				SDKROOT = iphoneos;
				SWIFT_COMPILATION_MODE = wholemodule;
				SWIFT_OPTIMIZATION_LEVEL = "-O";
				VALIDATE_PRODUCT = YES;
			};
			name = Release;
		};
		2A74D6D52475376700062429 /* Debug */ = {
			isa = XCBuildConfiguration;
			buildSettings = {
				ASSETCATALOG_COMPILER_APPICON_NAME = AppIcon;
				CODE_SIGN_STYLE = Automatic;
				DEVELOPMENT_TEAM = 3KZZ5Z37DJ;
				INFOPLIST_FILE = OnTheMap/Info.plist;
				LD_RUNPATH_SEARCH_PATHS = (
					"$(inherited)",
					"@executable_path/Frameworks",
				);
				PRODUCT_BUNDLE_IDENTIFIER = com.magicaltomato.OnTheMap;
				PRODUCT_NAME = "$(TARGET_NAME)";
				SWIFT_VERSION = 5.0;
				TARGETED_DEVICE_FAMILY = 1;
			};
			name = Debug;
		};
		2A74D6D62475376700062429 /* Release */ = {
			isa = XCBuildConfiguration;
			buildSettings = {
				ASSETCATALOG_COMPILER_APPICON_NAME = AppIcon;
				CODE_SIGN_STYLE = Automatic;
				DEVELOPMENT_TEAM = 3KZZ5Z37DJ;
				INFOPLIST_FILE = OnTheMap/Info.plist;
				LD_RUNPATH_SEARCH_PATHS = (
					"$(inherited)",
					"@executable_path/Frameworks",
				);
				PRODUCT_BUNDLE_IDENTIFIER = com.magicaltomato.OnTheMap;
				PRODUCT_NAME = "$(TARGET_NAME)";
				SWIFT_VERSION = 5.0;
				TARGETED_DEVICE_FAMILY = 1;
			};
			name = Release;
		};
/* End XCBuildConfiguration section */

/* Begin XCConfigurationList section */
		2A74D6BB2475376500062429 /* Build configuration list for PBXProject "OnTheMap" */ = {
			isa = XCConfigurationList;
			buildConfigurations = (
				2A74D6D22475376700062429 /* Debug */,
				2A74D6D32475376700062429 /* Release */,
			);
			defaultConfigurationIsVisible = 0;
			defaultConfigurationName = Release;
		};
		2A74D6D42475376700062429 /* Build configuration list for PBXNativeTarget "OnTheMap" */ = {
			isa = XCConfigurationList;
			buildConfigurations = (
				2A74D6D52475376700062429 /* Debug */,
				2A74D6D62475376700062429 /* Release */,
			);
			defaultConfigurationIsVisible = 0;
			defaultConfigurationName = Release;
		};
/* End XCConfigurationList section */
	};
	rootObject = 2A74D6B82475376500062429 /* Project object */;
}
